github.com/gogogoghost/libffigo v0.0.0-20220801072132-067f6e871157 h1:M8vJzAc1Ix2xNEzCEOqlabLon06kUCNtPyji1Vqxuns=
github.com/gogogoghost/libffigo v0.0.0-20220801072132-067f6e871157/go.mod h1:rzgzXRYr55Vmp9GFK88Z7mh5sHX94Paje52EfNDkwPU=
github.com/gogogoghost/libffigo v0.0.0-20220801073555-c938b6cd7ea9 h1:z/jOtL9RznP8RwMzM2FAvyrhybPmPC+C9o6Sz7sWI/w=
github.com/gogogoghost/libffigo v0.0.0-20220801073555-c938b6cd7ea9/go.mod h1:rzgzXRYr55Vmp9GFK88Z7mh5sHX94Paje52EfNDkwPU=
github.com/gogogoghost/libffigo v0.0.0-20220801082645-7b6f40ba33b7 h1:6JkHr3ougv07EHxqdLl1UN3of65Ot5Vun6/g4tbJazA=
github.com/gogogoghost/libffigo v0.0.0-20220801082645-7b6f40ba33b7/go.mod h1:rzgzXRYr55Vmp9GFK88Z7mh5sHX94Paje52EfNDkwPU=
github.com/gogogoghost/libffigo v0.0.0-20220801102436-61c25af1e6c5 h1:RH4Hhu7dBM7/bS0tPmbZyYYez3jZjJRSvdMsti3aWGs=
github.com/gogogoghost/libffigo v0.0.0-20220801102436-61c25af1e6c5/go.mod h1:rzgzXRYr55Vmp9GFK88Z7mh5sHX94Paje52EfNDkwPU=
github.com/gogogoghost/libffigo v0.0.0-20220908083033-0df1ff29e712 h1:NVNOyQmzanJoaNr8KDIXzIrK83sLYMWEVFBBmHpVs6U=
github.com/gogogoghost/libffigo v0.0.0-20220908083033-0df1ff29e712/go.mod h1:rzgzXRYr55Vmp9GFK88Z7mh5sHX94Paje52EfNDkwPU=
github.com/gogogoghost/libffigo v0.0.0-20220908101457-d723616077eb h1:lIzzEczM5iygNFASiosXaDoef8bum8tiUcrBn1KJJGM=
github.com/gogogoghost/libffigo v0.0.0-20220908101457-d723616077eb/go.mod h1:rzgzXRYr55Vmp9GFK88Z7mh5sHX94Paje52EfNDkwPU=
github.com/gogogoghost/libffigo v0.0.0-20220916094346-41bb583e3044 h1:b4VyCqP1YMdGyldcgB2Wy1cb9dY5FX6TYAosFntONgA=
github.com/gogogoghost/libffigo v0.0.0-20220916094346-41bb583e3044/go.mod h1:rzgzXRYr55Vmp9GFK88Z7mh5sHX94Paje52EfNDkwPU=
github.com/gogogoghost/libffigo v0.0.0-20220917091343-673d1139d41a h1:Up8eR7bHh87Hk48fwkzKCCSLmdEhv054SQor2HZVZE0=
github.com/gogogoghost/libffigo v0.0.0-20220917091343-673d1139d41a/go.mod h1:rzgzXRYr55Vmp9GFK88Z7mh5sHX94Paje52EfNDkwPU=
github.com/gogogoghost/libffigo v0.0.0-20220917094823-72da668ba032 h1:2R0IQc54PwSgDO3DgqLO7L15URTaUMqPFfU4WoDoldk=
github.com/gogogoghost/libffigo v0.0.0-20220917094823-72da668ba032/go.mod h1:rzgzXRYr55Vmp9GFK88Z7mh5sHX94Paje52EfNDkwPU=
